{
  "name": "san-ts-demo",
  "version": "1.0.0",
  "lockfileVersion": 2,
  "requires": true,
  "packages": {
    "": {
      "version": "1.0.0",
      "license": "ISC",
      "dependencies": {
        "san": "^3.10.9"
      }
    },
    "node_modules/san": {
      "version": "3.10.9",
      "resolved": "https://registry.npmjs.org/san/-/san-3.10.9.tgz",
      "integrity": "sha512-4dFlQ4wa5BNXrHEgKBM3voPLW19O10G0SeqHRDM4Hhe0NHA9GaCaza7brGI7eWP/gX3A07RRgyK+1zXHb8EO6g=="
    }
  },
  "dependencies": {
    "san": {
      "version": "3.10.9",
      "resolved": "https://registry.npmjs.org/san/-/san-3.10.9.tgz",
      "integrity": "sha512-4dFlQ4wa5BNXrHEgKBM3voPLW19O10G0SeqHRDM4Hhe0NHA9GaCaza7brGI7eWP/gX3A07RRgyK+1zXHb8EO6g=="
    }
  }
}
